Microsoft Visual Studio Solution File, Format Version 12.00
# Visual Studio Version 17
VisualStudioVersion = 17.12.35514.174
MinimumVisualStudioVersion = 10.0.40219.1
Project("{FAE04EC0-301F-11D3-BF4B-00C04F79EFBC}") = "Smartify.ServiceDefaults", "ServiceDefaults\Smartify.ServiceDefaults.csproj", "{91BCA208-A601-44E1-AC8C-769AC095AB44}"
EndProject
Project("{FAE04EC0-301F-11D3-BF4B-00C04F79EFBC}") = "Smartify.AppHost", "AppHost\Smartify.AppHost.csproj", "{92DF17D5-094B-4E0D-9E98-4296B9B3EED6}"
EndProject
Global
	GlobalSection(SolutionConfigurationPlatforms) = preSolution
		Debug|Any CPU = Debug|Any CPU
		Release|Any CPU = Release|Any CPU
	EndGlobalSection
	GlobalSection(ProjectConfigurationPlatforms) = postSolution
		{91BCA208-A601-44E1-AC8C-769AC095AB44}.Debug|Any CPU.ActiveCfg = Debug|Any CPU
		{91BCA208-A601-44E1-AC8C-769AC095AB44}.Debug|Any CPU.Build.0 = Debug|Any CPU
		{91BCA208-A601-44E1-AC8C-769AC095AB44}.Release|Any CPU.ActiveCfg = Release|Any CPU
		{91BCA208-A601-44E1-AC8C-769AC095AB44}.Release|Any CPU.Build.0 = Release|Any CPU
		{92DF17D5-094B-4E0D-9E98-4296B9B3EED6}.Debug|Any CPU.ActiveCfg = Debug|Any CPU
		{92DF17D5-094B-4E0D-9E98-4296B9B3EED6}.Debug|Any CPU.Build.0 = Debug|Any CPU
		{92DF17D5-094B-4E0D-9E98-4296B9B3EED6}.Release|Any CPU.ActiveCfg = Release|Any CPU
		{92DF17D5-094B-4E0D-9E98-4296B9B3EED6}.Release|Any CPU.Build.0 = Release|Any CPU
	EndGlobalSection
	GlobalSection(SolutionProperties) = preSolution
		HideSolutionNode = FALSE
	EndGlobalSection
EndGlobal
